
Microsoft Visual Studio Solution File, Format Version 12.00
# Visual Studio 15
VisualStudioVersion = 15.0.28307.1340
MinimumVisualStudioVersion = 10.0.40219.1
Project("{FAE04EC0-301F-11D3-BF4B-00C04F79EFBC}") = "DataEntryWithVoiceCommands", "DataEntryWithVoiceCommands\DataEntryWithVoiceCommands.csproj", "{2016BECF-1410-45CC-B7D8-1F6B9C9FD780}"
EndProject
Global
	GlobalSection(SolutionConfigurationPlatforms) = preSolution
		Debug|Any CPU = Debug|Any CPU
		Release|Any CPU = Release|Any CPU
	EndGlobalSection
	GlobalSection(ProjectConfigurationPlatforms) = postSolution
		{2016BECF-1410-45CC-B7D8-1F6B9C9FD780}.Debug|Any CPU.ActiveCfg = Debug|Any CPU
		{2016BECF-1410-45CC-B7D8-1F6B9C9FD780}.Debug|Any CPU.Build.0 = Debug|Any CPU
		{2016BECF-1410-45CC-B7D8-1F6B9C9FD780}.Release|Any CPU.ActiveCfg = Release|Any CPU
		{2016BECF-1410-45CC-B7D8-1F6B9C9FD780}.Release|Any CPU.Build.0 = Release|Any CPU
	EndGlobalSection
	GlobalSection(SolutionProperties) = preSolution
		HideSolutionNode = FALSE
	EndGlobalSection
	GlobalSection(ExtensibilityGlobals) = postSolution
		SolutionGuid = {27E4A0CF-FA58-4F1F-B236-7E9817EF20C9}
	EndGlobalSection
EndGlobal
